
Microsoft Visual Studio Solution File, Format Version 12.00
# Visual Studio Version 17
VisualStudioVersion = 17.3.32804.467
MinimumVisualStudioVersion = 10.0.40219.1
Project("{2150E333-8FDC-42A3-9474-1A3956D46DE8}") = "src", "src", "{45CF9018-42A3-404B-833C-32006E5989A4}"
EndProject
Project("{2150E333-8FDC-42A3-9474-1A3956D46DE8}") = "tests", "tests", "{5DD117FF-2D73-481B-A233-A2D50AEF56A0}"
EndProject
Project("{9A19103F-16F7-4668-BE54-9A1E7A4F7556}") = "MyWebsite.Domain", "src\MyWebsite.Domain\MyWebsite.Domain.csproj", "{E286AC7E-C70B-454B-9BAF-49C0DF6B55B9}"
EndProject
Project("{9A19103F-16F7-4668-BE54-9A1E7A4F7556}") = "MyWebsite.Application", "src\MyWebsite.Application\MyWebsite.Application.csproj", "{E2431687-F912-40D0-8BE1-05264ACF0F8C}"
EndProject
Project("{9A19103F-16F7-4668-BE54-9A1E7A4F7556}") = "MyWebsite.Infrastructure", "src\MyWebsite.Infrastructure\MyWebsite.Infrastructure.csproj", "{EA017F7D-4591-4029-9C10-77E46462976B}"
EndProject
Project("{9A19103F-16F7-4668-BE54-9A1E7A4F7556}") = "MyWebsite.Shared", "src\MyWebsite.Shared\MyWebsite.Shared.csproj", "{1DF62C9C-233B-421A-ABCB-150FD2CCA3D0}"
EndProject
Project("{9A19103F-16F7-4668-BE54-9A1E7A4F7556}") = "MyWebsite.Shared.Tests", "tests\MyWebsite.Shared.Tests\MyWebsite.Shared.Tests.csproj", "{0B1DF522-C3EF-47CD-915F-7E1D09E64159}"
EndProject
Project("{9A19103F-16F7-4668-BE54-9A1E7A4F7556}") = "MyWebsite.Infrastructure.Tests", "tests\MyWebsite.Infrastructure.Tests\MyWebsite.Infrastructure.Tests.csproj", "{37635BF9-8FBD-44F3-B0E6-249473DAD33E}"
EndProject
Project("{9A19103F-16F7-4668-BE54-9A1E7A4F7556}") = "MyWebsite.Presentation.Resources", "src\MyWebsite.Presentation.Resources\MyWebsite.Presentation.Resources.csproj", "{DE861318-D741-4BF4-9B45-99DCB2190D15}"
EndProject
Project("{9A19103F-16F7-4668-BE54-9A1E7A4F7556}") = "MyWebsite.Presentation", "src\MyWebsite.Presentation\MyWebsite.Presentation.csproj", "{879629CB-578C-415E-85AC-89864212E4E2}"
EndProject
Project("{9A19103F-16F7-4668-BE54-9A1E7A4F7556}") = "MyWebsite.Presentation.Admin", "src\MyWebsite.Presentation.Admin\MyWebsite.Presentation.Admin.csproj", "{63A27257-4986-47D9-A0FB-FF58439B5AA9}"
EndProject
Project("{9A19103F-16F7-4668-BE54-9A1E7A4F7556}") = "MyWebsite.Presentation.IntegrationTests", "tests\MyWebsite.Presentation.IntegrationTests\MyWebsite.Presentation.IntegrationTests.csproj", "{30E652A5-6A4B-4D8E-9D6C-60CA7727837B}"
EndProject
Project("{FAE04EC0-301F-11D3-BF4B-00C04F79EFBC}") = "MyWebsite.Presentation.UnitTests", "tests\MyWebsite.Presentation.UnitTests\MyWebsite.Presentation.UnitTests.csproj", "{CAD9A2ED-AF1D-4535-9818-AAC5EA1C6DB8}"
EndProject
Global
	GlobalSection(SolutionConfigurationPlatforms) = preSolution
		Debug|Any CPU = Debug|Any CPU
		Release|Any CPU = Release|Any CPU
		Test|Any CPU = Test|Any CPU
	EndGlobalSection
	GlobalSection(ProjectConfigurationPlatforms) = postSolution
		{E286AC7E-C70B-454B-9BAF-49C0DF6B55B9}.Debug|Any CPU.ActiveCfg = Debug|Any CPU
		{E286AC7E-C70B-454B-9BAF-49C0DF6B55B9}.Debug|Any CPU.Build.0 = Debug|Any CPU
		{E286AC7E-C70B-454B-9BAF-49C0DF6B55B9}.Release|Any CPU.ActiveCfg = Release|Any CPU
		{E286AC7E-C70B-454B-9BAF-49C0DF6B55B9}.Release|Any CPU.Build.0 = Release|Any CPU
		{E286AC7E-C70B-454B-9BAF-49C0DF6B55B9}.Test|Any CPU.ActiveCfg = Test|Any CPU
		{E286AC7E-C70B-454B-9BAF-49C0DF6B55B9}.Test|Any CPU.Build.0 = Test|Any CPU
		{E2431687-F912-40D0-8BE1-05264ACF0F8C}.Debug|Any CPU.ActiveCfg = Debug|Any CPU
		{E2431687-F912-40D0-8BE1-05264ACF0F8C}.Debug|Any CPU.Build.0 = Debug|Any CPU
		{E2431687-F912-40D0-8BE1-05264ACF0F8C}.Release|Any CPU.ActiveCfg = Release|Any CPU
		{E2431687-F912-40D0-8BE1-05264ACF0F8C}.Release|Any CPU.Build.0 = Release|Any CPU
		{E2431687-F912-40D0-8BE1-05264ACF0F8C}.Test|Any CPU.ActiveCfg = Test|Any CPU
		{E2431687-F912-40D0-8BE1-05264ACF0F8C}.Test|Any CPU.Build.0 = Test|Any CPU
		{EA017F7D-4591-4029-9C10-77E46462976B}.Debug|Any CPU.ActiveCfg = Debug|Any CPU
		{EA017F7D-4591-4029-9C10-77E46462976B}.Debug|Any CPU.Build.0 = Debug|Any CPU
		{EA017F7D-4591-4029-9C10-77E46462976B}.Release|Any CPU.ActiveCfg = Release|Any CPU
		{EA017F7D-4591-4029-9C10-77E46462976B}.Release|Any CPU.Build.0 = Release|Any CPU
		{EA017F7D-4591-4029-9C10-77E46462976B}.Test|Any CPU.ActiveCfg = Test|Any CPU
		{EA017F7D-4591-4029-9C10-77E46462976B}.Test|Any CPU.Build.0 = Test|Any CPU
		{1DF62C9C-233B-421A-ABCB-150FD2CCA3D0}.Debug|Any CPU.ActiveCfg = Debug|Any CPU
		{1DF62C9C-233B-421A-ABCB-150FD2CCA3D0}.Debug|Any CPU.Build.0 = Debug|Any CPU
		{1DF62C9C-233B-421A-ABCB-150FD2CCA3D0}.Release|Any CPU.ActiveCfg = Release|Any CPU
		{1DF62C9C-233B-421A-ABCB-150FD2CCA3D0}.Release|Any CPU.Build.0 = Release|Any CPU
		{1DF62C9C-233B-421A-ABCB-150FD2CCA3D0}.Test|Any CPU.ActiveCfg = Test|Any CPU
		{1DF62C9C-233B-421A-ABCB-150FD2CCA3D0}.Test|Any CPU.Build.0 = Test|Any CPU
		{0B1DF522-C3EF-47CD-915F-7E1D09E64159}.Debug|Any CPU.ActiveCfg = Debug|Any CPU
		{0B1DF522-C3EF-47CD-915F-7E1D09E64159}.Debug|Any CPU.Build.0 = Debug|Any CPU
		{0B1DF522-C3EF-47CD-915F-7E1D09E64159}.Release|Any CPU.ActiveCfg = Release|Any CPU
		{0B1DF522-C3EF-47CD-915F-7E1D09E64159}.Release|Any CPU.Build.0 = Release|Any CPU
		{0B1DF522-C3EF-47CD-915F-7E1D09E64159}.Test|Any CPU.ActiveCfg = Test|Any CPU
		{0B1DF522-C3EF-47CD-915F-7E1D09E64159}.Test|Any CPU.Build.0 = Test|Any CPU
		{37635BF9-8FBD-44F3-B0E6-249473DAD33E}.Debug|Any CPU.ActiveCfg = Debug|Any CPU
		{37635BF9-8FBD-44F3-B0E6-249473DAD33E}.Debug|Any CPU.Build.0 = Debug|Any CPU
		{37635BF9-8FBD-44F3-B0E6-249473DAD33E}.Release|Any CPU.ActiveCfg = Release|Any CPU
		{37635BF9-8FBD-44F3-B0E6-249473DAD33E}.Release|Any CPU.Build.0 = Release|Any CPU
		{37635BF9-8FBD-44F3-B0E6-249473DAD33E}.Test|Any CPU.ActiveCfg = Test|Any CPU
		{37635BF9-8FBD-44F3-B0E6-249473DAD33E}.Test|Any CPU.Build.0 = Test|Any CPU
		{DE861318-D741-4BF4-9B45-99DCB2190D15}.Debug|Any CPU.ActiveCfg = Debug|Any CPU
		{DE861318-D741-4BF4-9B45-99DCB2190D15}.Debug|Any CPU.Build.0 = Debug|Any CPU
		{DE861318-D741-4BF4-9B45-99DCB2190D15}.Release|Any CPU.ActiveCfg = Release|Any CPU
		{DE861318-D741-4BF4-9B45-99DCB2190D15}.Release|Any CPU.Build.0 = Release|Any CPU
		{DE861318-D741-4BF4-9B45-99DCB2190D15}.Test|Any CPU.ActiveCfg = Debug|Any CPU
		{DE861318-D741-4BF4-9B45-99DCB2190D15}.Test|Any CPU.Build.0 = Debug|Any CPU
		{879629CB-578C-415E-85AC-89864212E4E2}.Debug|Any CPU.ActiveCfg = Debug|Any CPU
		{879629CB-578C-415E-85AC-89864212E4E2}.Debug|Any CPU.Build.0 = Debug|Any CPU
		{879629CB-578C-415E-85AC-89864212E4E2}.Release|Any CPU.ActiveCfg = Release|Any CPU
		{879629CB-578C-415E-85AC-89864212E4E2}.Release|Any CPU.Build.0 = Release|Any CPU
		{879629CB-578C-415E-85AC-89864212E4E2}.Test|Any CPU.ActiveCfg = Debug|Any CPU
		{879629CB-578C-415E-85AC-89864212E4E2}.Test|Any CPU.Build.0 = Debug|Any CPU
		{63A27257-4986-47D9-A0FB-FF58439B5AA9}.Debug|Any CPU.ActiveCfg = Debug|Any CPU
		{63A27257-4986-47D9-A0FB-FF58439B5AA9}.Debug|Any CPU.Build.0 = Debug|Any CPU
		{63A27257-4986-47D9-A0FB-FF58439B5AA9}.Release|Any CPU.ActiveCfg = Release|Any CPU
		{63A27257-4986-47D9-A0FB-FF58439B5AA9}.Release|Any CPU.Build.0 = Release|Any CPU
		{63A27257-4986-47D9-A0FB-FF58439B5AA9}.Test|Any CPU.ActiveCfg = Debug|Any CPU
		{63A27257-4986-47D9-A0FB-FF58439B5AA9}.Test|Any CPU.Build.0 = Debug|Any CPU
		{30E652A5-6A4B-4D8E-9D6C-60CA7727837B}.Debug|Any CPU.ActiveCfg = Debug|Any CPU
		{30E652A5-6A4B-4D8E-9D6C-60CA7727837B}.Debug|Any CPU.Build.0 = Debug|Any CPU
		{30E652A5-6A4B-4D8E-9D6C-60CA7727837B}.Release|Any CPU.ActiveCfg = Release|Any CPU
		{30E652A5-6A4B-4D8E-9D6C-60CA7727837B}.Release|Any CPU.Build.0 = Release|Any CPU
		{30E652A5-6A4B-4D8E-9D6C-60CA7727837B}.Test|Any CPU.ActiveCfg = Debug|Any CPU
		{30E652A5-6A4B-4D8E-9D6C-60CA7727837B}.Test|Any CPU.Build.0 = Debug|Any CPU
		{CAD9A2ED-AF1D-4535-9818-AAC5EA1C6DB8}.Debug|Any CPU.ActiveCfg = Debug|Any CPU
		{CAD9A2ED-AF1D-4535-9818-AAC5EA1C6DB8}.Debug|Any CPU.Build.0 = Debug|Any CPU
		{CAD9A2ED-AF1D-4535-9818-AAC5EA1C6DB8}.Release|Any CPU.ActiveCfg = Release|Any CPU
		{CAD9A2ED-AF1D-4535-9818-AAC5EA1C6DB8}.Release|Any CPU.Build.0 = Release|Any CPU
		{CAD9A2ED-AF1D-4535-9818-AAC5EA1C6DB8}.Test|Any CPU.ActiveCfg = Debug|Any CPU
		{CAD9A2ED-AF1D-4535-9818-AAC5EA1C6DB8}.Test|Any CPU.Build.0 = Debug|Any CPU
	EndGlobalSection
	GlobalSection(SolutionProperties) = preSolution
		HideSolutionNode = FALSE
	EndGlobalSection
	GlobalSection(NestedProjects) = preSolution
		{E286AC7E-C70B-454B-9BAF-49C0DF6B55B9} = {45CF9018-42A3-404B-833C-32006E5989A4}
		{E2431687-F912-40D0-8BE1-05264ACF0F8C} = {45CF9018-42A3-404B-833C-32006E5989A4}
		{EA017F7D-4591-4029-9C10-77E46462976B} = {45CF9018-42A3-404B-833C-32006E5989A4}
		{1DF62C9C-233B-421A-ABCB-150FD2CCA3D0} = {45CF9018-42A3-404B-833C-32006E5989A4}
		{0B1DF522-C3EF-47CD-915F-7E1D09E64159} = {5DD117FF-2D73-481B-A233-A2D50AEF56A0}
		{37635BF9-8FBD-44F3-B0E6-249473DAD33E} = {5DD117FF-2D73-481B-A233-A2D50AEF56A0}
		{DE861318-D741-4BF4-9B45-99DCB2190D15} = {45CF9018-42A3-404B-833C-32006E5989A4}
		{879629CB-578C-415E-85AC-89864212E4E2} = {45CF9018-42A3-404B-833C-32006E5989A4}
		{63A27257-4986-47D9-A0FB-FF58439B5AA9} = {45CF9018-42A3-404B-833C-32006E5989A4}
		{30E652A5-6A4B-4D8E-9D6C-60CA7727837B} = {5DD117FF-2D73-481B-A233-A2D50AEF56A0}
		{CAD9A2ED-AF1D-4535-9818-AAC5EA1C6DB8} = {5DD117FF-2D73-481B-A233-A2D50AEF56A0}
	EndGlobalSection
	GlobalSection(ExtensibilityGlobals) = postSolution
		SolutionGuid = {8A64D360-54FA-4204-90E7-20176EB449BC}
	EndGlobalSection
EndGlobal
